
Microsoft Visual Studio Solution File, Format Version 12.00
# Visual Studio 15
VisualStudioVersion = 15.0.27703.2000
MinimumVisualStudioVersion = 10.0.40219.1
Project("{FAE04EC0-301F-11D3-BF4B-00C04F79EFBC}") = "InedoExtension", "InedoExtension\InedoExtension.csproj", "{AADB84E2-1705-49B0-A2EC-3FA498581171}"
EndProject
Global
	GlobalSection(SolutionConfigurationPlatforms) = preSolution
		Debug|Any CPU = Debug|Any CPU
		Release|Any CPU = Release|Any CPU
	EndGlobalSection
	GlobalSection(ProjectConfigurationPlatforms) = postSolution
		{AADB84E2-1705-49B0-A2EC-3FA498581171}.Debug|Any CPU.ActiveCfg = Debug|Any CPU
		{AADB84E2-1705-49B0-A2EC-3FA498581171}.Debug|Any CPU.Build.0 = Debug|Any CPU
		{AADB84E2-1705-49B0-A2EC-3FA498581171}.Release|Any CPU.ActiveCfg = Release|Any CPU
		{AADB84E2-1705-49B0-A2EC-3FA498581171}.Release|Any CPU.Build.0 = Release|Any CPU
	EndGlobalSection
	GlobalSection(SolutionProperties) = preSolution
		HideSolutionNode = FALSE
	EndGlobalSection
	GlobalSection(ExtensibilityGlobals) = postSolution
		SolutionGuid = {1AEB3168-B984-4C05-8797-A03D9406AAF2}
	EndGlobalSection
EndGlobal
